
Microsoft Visual Studio Solution File, Format Version 12.00
# Visual Studio Version 17
VisualStudioVersion = 17.14.36408.4 d17.14
MinimumVisualStudioVersion = 10.0.40219.1
Project("{FAE04EC0-301F-11D3-BF4B-00C04F79EFBC}") = "3NLIDTS-OscarGonzalez-04", "3NLIDTS-OscarGonzalez-04\3NLIDTS-OscarGonzalez-04.csproj", "{B298168C-1E58-4A2B-94EE-88AA81EB682C}"
EndProject
Global
	GlobalSection(SolutionConfigurationPlatforms) = preSolution
		Debug|Any CPU = Debug|Any CPU
		Release|Any CPU = Release|Any CPU
	EndGlobalSection
	GlobalSection(ProjectConfigurationPlatforms) = postSolution
		{B298168C-1E58-4A2B-94EE-88AA81EB682C}.Debug|Any CPU.ActiveCfg = Debug|Any CPU
		{B298168C-1E58-4A2B-94EE-88AA81EB682C}.Debug|Any CPU.Build.0 = Debug|Any CPU
		{B298168C-1E58-4A2B-94EE-88AA81EB682C}.Release|Any CPU.ActiveCfg = Release|Any CPU
		{B298168C-1E58-4A2B-94EE-88AA81EB682C}.Release|Any CPU.Build.0 = Release|Any CPU
	EndGlobalSection
	GlobalSection(SolutionProperties) = preSolution
		HideSolutionNode = FALSE
	EndGlobalSection
	GlobalSection(ExtensibilityGlobals) = postSolution
		SolutionGuid = {5F588E95-9E4F-483C-AA4E-69B29C09FB97}
	EndGlobalSection
EndGlobal
